
Microsoft Visual Studio Solution File, Format Version 12.00
# Visual Studio Version 16
VisualStudioVersion = 16.0.810.14
MinimumVisualStudioVersion = 10.0.40219.1
Project("{FAE04EC0-301F-11D3-BF4B-00C04F79EFBC}") = "Domain", "Domain.csproj", "{74D05F56-D3EB-4E9D-A960-C793C419960E}"
EndProject
Global
	GlobalSection(SolutionConfigurationPlatforms) = preSolution
		Debug|Any CPU = Debug|Any CPU
		Release|Any CPU = Release|Any CPU
	EndGlobalSection
	GlobalSection(ProjectConfigurationPlatforms) = postSolution
		{74D05F56-D3EB-4E9D-A960-C793C419960E}.Debug|Any CPU.ActiveCfg = Debug|Any CPU
		{74D05F56-D3EB-4E9D-A960-C793C419960E}.Debug|Any CPU.Build.0 = Debug|Any CPU
		{74D05F56-D3EB-4E9D-A960-C793C419960E}.Release|Any CPU.ActiveCfg = Release|Any CPU
		{74D05F56-D3EB-4E9D-A960-C793C419960E}.Release|Any CPU.Build.0 = Release|Any CPU
	EndGlobalSection
	GlobalSection(SolutionProperties) = preSolution
		HideSolutionNode = FALSE
	EndGlobalSection
	GlobalSection(ExtensibilityGlobals) = postSolution
		SolutionGuid = {BAE6C2A1-9DB4-46D8-AB90-69137FDD4B9F}
	EndGlobalSection
EndGlobal
